
Microsoft Visual Studio Solution File, Format Version 12.00
# Visual Studio Version 17
VisualStudioVersion = 17.2.32526.322
MinimumVisualStudioVersion = 10.0.40219.1
Project("{FAE04EC0-301F-11D3-BF4B-00C04F79EFBC}") = "YomiOlatunji", "YomiOlatunji\YomiOlatunji.csproj", "{9C4E015D-C64C-4CF6-82ED-3577BAF5ADA9}"
EndProject
Project("{9A19103F-16F7-4668-BE54-9A1E7A4F7556}") = "YomiOlatunji.Core", "YomiOlatunji.Core\YomiOlatunji.Core.csproj", "{418F764D-30EB-41AF-8940-33B1E57EC95D}"
EndProject
Project("{9A19103F-16F7-4668-BE54-9A1E7A4F7556}") = "YomiOlatunji.DataSource", "YomiOlatunji.DataSource\YomiOlatunji.DataSource.csproj", "{9C0E05D3-8744-4700-8462-7106BCE08104}"
EndProject
Global
	GlobalSection(SolutionConfigurationPlatforms) = preSolution
		Debug|Any CPU = Debug|Any CPU
		Release|Any CPU = Release|Any CPU
	EndGlobalSection
	GlobalSection(ProjectConfigurationPlatforms) = postSolution
		{9C4E015D-C64C-4CF6-82ED-3577BAF5ADA9}.Debug|Any CPU.ActiveCfg = Debug|Any CPU
		{9C4E015D-C64C-4CF6-82ED-3577BAF5ADA9}.Debug|Any CPU.Build.0 = Debug|Any CPU
		{9C4E015D-C64C-4CF6-82ED-3577BAF5ADA9}.Release|Any CPU.ActiveCfg = Release|Any CPU
		{9C4E015D-C64C-4CF6-82ED-3577BAF5ADA9}.Release|Any CPU.Build.0 = Release|Any CPU
		{418F764D-30EB-41AF-8940-33B1E57EC95D}.Debug|Any CPU.ActiveCfg = Debug|Any CPU
		{418F764D-30EB-41AF-8940-33B1E57EC95D}.Debug|Any CPU.Build.0 = Debug|Any CPU
		{418F764D-30EB-41AF-8940-33B1E57EC95D}.Release|Any CPU.ActiveCfg = Release|Any CPU
		{418F764D-30EB-41AF-8940-33B1E57EC95D}.Release|Any CPU.Build.0 = Release|Any CPU
		{9C0E05D3-8744-4700-8462-7106BCE08104}.Debug|Any CPU.ActiveCfg = Debug|Any CPU
		{9C0E05D3-8744-4700-8462-7106BCE08104}.Debug|Any CPU.Build.0 = Debug|Any CPU
		{9C0E05D3-8744-4700-8462-7106BCE08104}.Release|Any CPU.ActiveCfg = Release|Any CPU
		{9C0E05D3-8744-4700-8462-7106BCE08104}.Release|Any CPU.Build.0 = Release|Any CPU
	EndGlobalSection
	GlobalSection(SolutionProperties) = preSolution
		HideSolutionNode = FALSE
	EndGlobalSection
	GlobalSection(ExtensibilityGlobals) = postSolution
		SolutionGuid = {3C9D201B-BA9B-46E0-82F6-23FFB30B263B}
	EndGlobalSection
EndGlobal
